
Microsoft Visual Studio Solution File, Format Version 12.00
# Visual Studio Version 17
VisualStudioVersion = 17.11.35222.181
MinimumVisualStudioVersion = 10.0.40219.1
Project("{FAE04EC0-301F-11D3-BF4B-00C04F79EFBC}") = "BackendSistemaFinanceiro", "BackendSistemaFinanceiro\BackendSistemaFinanceiro.csproj", "{B3425820-724A-4142-AD55-66A52983F9D4}"
EndProject
Global
	GlobalSection(SolutionConfigurationPlatforms) = preSolution
		Debug|Any CPU = Debug|Any CPU
		Release|Any CPU = Release|Any CPU
	EndGlobalSection
	GlobalSection(ProjectConfigurationPlatforms) = postSolution
		{B3425820-724A-4142-AD55-66A52983F9D4}.Debug|Any CPU.ActiveCfg = Debug|Any CPU
		{B3425820-724A-4142-AD55-66A52983F9D4}.Debug|Any CPU.Build.0 = Debug|Any CPU
		{B3425820-724A-4142-AD55-66A52983F9D4}.Release|Any CPU.ActiveCfg = Release|Any CPU
		{B3425820-724A-4142-AD55-66A52983F9D4}.Release|Any CPU.Build.0 = Release|Any CPU
	EndGlobalSection
	GlobalSection(SolutionProperties) = preSolution
		HideSolutionNode = FALSE
	EndGlobalSection
	GlobalSection(ExtensibilityGlobals) = postSolution
		SolutionGuid = {C92C7B88-321B-427E-AA53-85ED1FE15E44}
	EndGlobalSection
EndGlobal
